
Microsoft Visual Studio Solution File, Format Version 12.00
# Visual Studio Version 17
VisualStudioVersion = 17.3.32825.248
MinimumVisualStudioVersion = 10.0.40219.1
Project("{2150E333-8FDC-42A3-9474-1A3956D46DE8}") = "2021", "2021", "{E4C1206D-C91C-41DC-8FFA-BDCFA4886C97}"
	ProjectSection(SolutionItems) = preProject
		2021\AdventOfCode2021.md = 2021\AdventOfCode2021.md
	EndProjectSection
EndProject
Project("{2150E333-8FDC-42A3-9474-1A3956D46DE8}") = "src", "src", "{E2820BF9-D850-4F5A-BDB8-1641F99949DA}"
EndProject
Project("{2150E333-8FDC-42A3-9474-1A3956D46DE8}") = "tests", "tests", "{3B23CCE6-DFD6-4118-A1B1-9CC049903BD1}"
EndProject
Project("{9A19103F-16F7-4668-BE54-9A1E7A4F7556}") = "AdventOfCode2021", "2021\src\AdventOfCode2021\AdventOfCode2021.csproj", "{C7048AB5-5EE1-49FB-9822-371CF4DA3291}"
EndProject
Project("{9A19103F-16F7-4668-BE54-9A1E7A4F7556}") = "AdventOfCode2021.Tests.Unit", "2021\tests\AdventOfCode2021.Tests.Unit\AdventOfCode2021.Tests.Unit.csproj", "{726B619B-9823-425A-8FCD-2EBA3FAE3B5D}"
EndProject
Project("{2150E333-8FDC-42A3-9474-1A3956D46DE8}") = "2022", "2022", "{A0FD8D51-5EE8-4EAD-BD12-26729F4A68A0}"
EndProject
Project("{2150E333-8FDC-42A3-9474-1A3956D46DE8}") = "src", "src", "{D8EB3F1C-8075-4547-AC86-0E3C1825315A}"
	ProjectSection(SolutionItems) = preProject
		2022\src\AdventOfCode2022.md = 2022\src\AdventOfCode2022.md
	EndProjectSection
EndProject
Project("{2150E333-8FDC-42A3-9474-1A3956D46DE8}") = "tests", "tests", "{5F5952E7-DAAD-47DA-9F3F-D57EC248F955}"
EndProject
Project("{2150E333-8FDC-42A3-9474-1A3956D46DE8}") = "lib", "lib", "{7B1A04F1-6E52-4ECD-86BE-8949E5D74525}"
EndProject
Project("{FAE04EC0-301F-11D3-BF4B-00C04F79EFBC}") = "AdventOfCodeLib", "lib\AdventOfCodeLib\AdventOfCodeLib.csproj", "{EF9B4393-4339-4E16-8A75-7CF8A3E27EF7}"
EndProject
Project("{FAE04EC0-301F-11D3-BF4B-00C04F79EFBC}") = "AdventOfCode2022", "2022\src\AdventOfCode2022\AdventOfCode2022.csproj", "{6ABEA053-C7BC-4397-B2A5-46C2BB64F57F}"
EndProject
Project("{FAE04EC0-301F-11D3-BF4B-00C04F79EFBC}") = "AdventOfCode2022.Tests.Unit", "2022\tests\AdventOfCode2022.Tests.Unit\AdventOfCode2022.Tests.Unit.csproj", "{D03CD7C0-2B44-43D5-A28D-B96B8DA3B33F}"
EndProject
Global
	GlobalSection(SolutionConfigurationPlatforms) = preSolution
		Debug|Any CPU = Debug|Any CPU
		Release|Any CPU = Release|Any CPU
	EndGlobalSection
	GlobalSection(ProjectConfigurationPlatforms) = postSolution
		{C7048AB5-5EE1-49FB-9822-371CF4DA3291}.Debug|Any CPU.ActiveCfg = Debug|Any CPU
		{C7048AB5-5EE1-49FB-9822-371CF4DA3291}.Debug|Any CPU.Build.0 = Debug|Any CPU
		{C7048AB5-5EE1-49FB-9822-371CF4DA3291}.Release|Any CPU.ActiveCfg = Release|Any CPU
		{C7048AB5-5EE1-49FB-9822-371CF4DA3291}.Release|Any CPU.Build.0 = Release|Any CPU
		{726B619B-9823-425A-8FCD-2EBA3FAE3B5D}.Debug|Any CPU.ActiveCfg = Debug|Any CPU
		{726B619B-9823-425A-8FCD-2EBA3FAE3B5D}.Debug|Any CPU.Build.0 = Debug|Any CPU
		{726B619B-9823-425A-8FCD-2EBA3FAE3B5D}.Release|Any CPU.ActiveCfg = Release|Any CPU
		{726B619B-9823-425A-8FCD-2EBA3FAE3B5D}.Release|Any CPU.Build.0 = Release|Any CPU
		{EF9B4393-4339-4E16-8A75-7CF8A3E27EF7}.Debug|Any CPU.ActiveCfg = Debug|Any CPU
		{EF9B4393-4339-4E16-8A75-7CF8A3E27EF7}.Debug|Any CPU.Build.0 = Debug|Any CPU
		{EF9B4393-4339-4E16-8A75-7CF8A3E27EF7}.Release|Any CPU.ActiveCfg = Release|Any CPU
		{EF9B4393-4339-4E16-8A75-7CF8A3E27EF7}.Release|Any CPU.Build.0 = Release|Any CPU
		{6ABEA053-C7BC-4397-B2A5-46C2BB64F57F}.Debug|Any CPU.ActiveCfg = Debug|Any CPU
		{6ABEA053-C7BC-4397-B2A5-46C2BB64F57F}.Debug|Any CPU.Build.0 = Debug|Any CPU
		{6ABEA053-C7BC-4397-B2A5-46C2BB64F57F}.Release|Any CPU.ActiveCfg = Release|Any CPU
		{6ABEA053-C7BC-4397-B2A5-46C2BB64F57F}.Release|Any CPU.Build.0 = Release|Any CPU
		{D03CD7C0-2B44-43D5-A28D-B96B8DA3B33F}.Debug|Any CPU.ActiveCfg = Debug|Any CPU
		{D03CD7C0-2B44-43D5-A28D-B96B8DA3B33F}.Debug|Any CPU.Build.0 = Debug|Any CPU
		{D03CD7C0-2B44-43D5-A28D-B96B8DA3B33F}.Release|Any CPU.ActiveCfg = Release|Any CPU
		{D03CD7C0-2B44-43D5-A28D-B96B8DA3B33F}.Release|Any CPU.Build.0 = Release|Any CPU
	EndGlobalSection
	GlobalSection(SolutionProperties) = preSolution
		HideSolutionNode = FALSE
	EndGlobalSection
	GlobalSection(NestedProjects) = preSolution
		{E2820BF9-D850-4F5A-BDB8-1641F99949DA} = {E4C1206D-C91C-41DC-8FFA-BDCFA4886C97}
		{3B23CCE6-DFD6-4118-A1B1-9CC049903BD1} = {E4C1206D-C91C-41DC-8FFA-BDCFA4886C97}
		{C7048AB5-5EE1-49FB-9822-371CF4DA3291} = {E2820BF9-D850-4F5A-BDB8-1641F99949DA}
		{726B619B-9823-425A-8FCD-2EBA3FAE3B5D} = {3B23CCE6-DFD6-4118-A1B1-9CC049903BD1}
		{D8EB3F1C-8075-4547-AC86-0E3C1825315A} = {A0FD8D51-5EE8-4EAD-BD12-26729F4A68A0}
		{5F5952E7-DAAD-47DA-9F3F-D57EC248F955} = {A0FD8D51-5EE8-4EAD-BD12-26729F4A68A0}
		{EF9B4393-4339-4E16-8A75-7CF8A3E27EF7} = {7B1A04F1-6E52-4ECD-86BE-8949E5D74525}
		{6ABEA053-C7BC-4397-B2A5-46C2BB64F57F} = {D8EB3F1C-8075-4547-AC86-0E3C1825315A}
		{D03CD7C0-2B44-43D5-A28D-B96B8DA3B33F} = {5F5952E7-DAAD-47DA-9F3F-D57EC248F955}
	EndGlobalSection
	GlobalSection(ExtensibilityGlobals) = postSolution
		SolutionGuid = {662EBAE1-BFBB-4961-A415-16514843317D}
	EndGlobalSection
EndGlobal
