
Microsoft Visual Studio Solution File, Format Version 12.00
# Visual Studio Version 17
VisualStudioVersion = 17.3.32825.248
MinimumVisualStudioVersion = 10.0.40219.1
Project("{FAE04EC0-301F-11D3-BF4B-00C04F79EFBC}") = "AdventOfCode.Lib", "lib\AdventOfCode.Lib\AdventOfCode.Lib.csproj", "{EF9B4393-4339-4E16-8A75-7CF8A3E27EF7}"
EndProject
Project("{FAE04EC0-301F-11D3-BF4B-00C04F79EFBC}") = "AdventOfCode.Cli", "lib\AdventOfCode.Cli\AdventOfCode.Cli.csproj", "{F4FB71F9-678B-4CE4-A254-F341EA2ADCC5}"
EndProject
Project("{2150E333-8FDC-42A3-9474-1A3956D46DE8}") = "2020", "2020", "{D990BB12-ED36-48CF-8C25-5BE5787F6E75}"
	ProjectSection(SolutionItems) = preProject
		src\2020\README.md = src\2020\README.md
	EndProjectSection
EndProject
Project("{2150E333-8FDC-42A3-9474-1A3956D46DE8}") = "src", "src", "{3DEE8AA8-E581-4513-BB67-13136A18D08F}"
EndProject
Project("{2150E333-8FDC-42A3-9474-1A3956D46DE8}") = "tests", "tests", "{74DD45F6-4B4C-4EA1-920C-93A715C69773}"
EndProject
Project("{2150E333-8FDC-42A3-9474-1A3956D46DE8}") = "2020", "2020", "{5E6892D3-478B-4A02-B026-E2D3F59410CF}"
EndProject
Project("{FAE04EC0-301F-11D3-BF4B-00C04F79EFBC}") = "AdventOfCode2020", "src\2020\AdventOfCode2020\AdventOfCode2020.csproj", "{74CFE68E-1CA1-4C75-841B-B11E1BBDA7A3}"
EndProject
Project("{2150E333-8FDC-42A3-9474-1A3956D46DE8}") = "2021", "2021", "{79571A7E-73FE-41C8-A48F-CF0C480550E7}"
	ProjectSection(SolutionItems) = preProject
		src\2021\README.md = src\2021\README.md
	EndProjectSection
EndProject
Project("{2150E333-8FDC-42A3-9474-1A3956D46DE8}") = "2022", "2022", "{A8D2572F-66D5-4236-9867-43CE8661C552}"
	ProjectSection(SolutionItems) = preProject
		src\2022\README.md = src\2022\README.md
	EndProjectSection
EndProject
Project("{2150E333-8FDC-42A3-9474-1A3956D46DE8}") = "2021", "2021", "{2137B754-0FDD-4F82-88CA-DB33E57BAC9B}"
EndProject
Project("{2150E333-8FDC-42A3-9474-1A3956D46DE8}") = "2022", "2022", "{88FC3432-EE08-4684-AA59-703DA1428F22}"
EndProject
Project("{FAE04EC0-301F-11D3-BF4B-00C04F79EFBC}") = "AdventOfCode2022", "src\2022\AdventOfCode2022\AdventOfCode2022.csproj", "{E0246558-BAB7-4154-8E13-6A35F26B86E8}"
EndProject
Project("{FAE04EC0-301F-11D3-BF4B-00C04F79EFBC}") = "AdventOfCode2021", "src\2021\AdventOfCode2021\AdventOfCode2021.csproj", "{A0A8D283-1498-4B54-B0FB-D0C0E1C41819}"
EndProject
Project("{FAE04EC0-301F-11D3-BF4B-00C04F79EFBC}") = "AdventOfCode2021.Tests.Unit", "tests\2021\AdventOfCode2021.Tests.Unit\AdventOfCode2021.Tests.Unit.csproj", "{39BDB7C5-BF3E-4C54-9B55-21545017A25D}"
EndProject
Project("{FAE04EC0-301F-11D3-BF4B-00C04F79EFBC}") = "AdventOfCode2022.Tests.Unit", "tests\2022\AdventOfCode2022.Tests.Unit\AdventOfCode2022.Tests.Unit.csproj", "{A75C4E57-9F57-4BC1-967C-E7DAE7CEB7CA}"
EndProject
Project("{FAE04EC0-301F-11D3-BF4B-00C04F79EFBC}") = "AdventOfCode2020.Tests.Unit", "tests\2020\AdventOfCode2020.Tests.Unit\AdventOfCode2020.Tests.Unit.csproj", "{8B79BD88-1342-4805-8425-2AAA8C065ECC}"
EndProject
Project("{2150E333-8FDC-42A3-9474-1A3956D46DE8}") = "2019", "2019", "{3A20C4CA-2C15-459A-88A3-7E3F5CFA212B}"
	ProjectSection(SolutionItems) = preProject
		src\2019\README.md = src\2019\README.md
	EndProjectSection
EndProject
Project("{FAE04EC0-301F-11D3-BF4B-00C04F79EFBC}") = "AdventOfCode2019", "src\2019\AdventOfCode2019\AdventOfCode2019.csproj", "{2759FB1B-8F36-4BCD-9FC5-2585166C6C37}"
EndProject
Project("{2150E333-8FDC-42A3-9474-1A3956D46DE8}") = "2019", "2019", "{4A851D7A-E27A-4080-B86A-B21642ECDFC8}"
EndProject
Project("{FAE04EC0-301F-11D3-BF4B-00C04F79EFBC}") = "AdventOfCode2019.Tests.Unit", "tests\2019\AdventOfCode2019.Tests.Unit\AdventOfCode2019.Tests.Unit.csproj", "{28B52777-43FC-4881-B855-D40B55EF0642}"
EndProject
Project("{2150E333-8FDC-42A3-9474-1A3956D46DE8}") = "2015", "2015", "{4D241D2B-13E3-44FE-9B15-B351C3FA64ED}"
	ProjectSection(SolutionItems) = preProject
		src\2015\README.md = src\2015\README.md
	EndProjectSection
EndProject
Project("{2150E333-8FDC-42A3-9474-1A3956D46DE8}") = "2015", "2015", "{1388B0C9-CF24-4EFF-83C6-DD5976B824E8}"
EndProject
Project("{FAE04EC0-301F-11D3-BF4B-00C04F79EFBC}") = "AdventOfCode2015", "src\2015\AdventOfCode2015\AdventOfCode2015.csproj", "{4CE51C7F-4EA8-406A-817A-0FA23A7B292A}"
EndProject
Project("{FAE04EC0-301F-11D3-BF4B-00C04F79EFBC}") = "AdventOfCode2015.Tests.Unit", "tests\2015\AdventOfCode2015.Tests.Unit\AdventOfCode2015.Tests.Unit.csproj", "{9E7FDB8A-9AAB-453A-A25D-A95626FB77D9}"
EndProject
Project("{2150E333-8FDC-42A3-9474-1A3956D46DE8}") = "workflows", "workflows", "{7A798DE7-4CAB-478C-98BE-6C3B4F89E327}"
	ProjectSection(SolutionItems) = preProject
		.github\workflows\dotnet.yml = .github\workflows\dotnet.yml
	EndProjectSection
EndProject
Project("{2150E333-8FDC-42A3-9474-1A3956D46DE8}") = "2016", "2016", "{F2C6ABE0-9159-41C4-9BDF-01809B8003A2}"
EndProject
Project("{FAE04EC0-301F-11D3-BF4B-00C04F79EFBC}") = "AdventOfCode2016", "src\2016\AdventOfCode2016\AdventOfCode2016.csproj", "{A4D49084-94F2-4849-86B1-C7A430716EC6}"
EndProject
Project("{2150E333-8FDC-42A3-9474-1A3956D46DE8}") = "2016", "2016", "{1EE37F47-1F3B-474D-8E34-B9DF0173006F}"
EndProject
Project("{FAE04EC0-301F-11D3-BF4B-00C04F79EFBC}") = "AdventOfCode2016.Tests.Unit", "tests\2016\AdventOfCode2016.Tests.Unit\AdventOfCode2016.Tests.Unit.csproj", "{D4D5DACD-7F85-44A1-96BB-86F7071AA4FE}"
EndProject
Project("{2150E333-8FDC-42A3-9474-1A3956D46DE8}") = "2023", "2023", "{C7E364B3-3BB0-4A9C-82EF-746A14094A5E}"
	ProjectSection(SolutionItems) = preProject
		src\2023\README.md = src\2023\README.md
	EndProjectSection
EndProject
Project("{FAE04EC0-301F-11D3-BF4B-00C04F79EFBC}") = "AdventOfCode2023", "src\2023\AdventOfCode2023\AdventOfCode2023.csproj", "{F7DDF70D-66E7-4450-BAC1-A63E79FD0F54}"
EndProject
Project("{2150E333-8FDC-42A3-9474-1A3956D46DE8}") = "2023", "2023", "{1AFE3BA6-C192-4991-9C6F-A9A13EC734C7}"
EndProject
Project("{FAE04EC0-301F-11D3-BF4B-00C04F79EFBC}") = "AdventOfCode2023.Tests.Unit", "tests\2023\AdventOfCode2023.Tests.Unit\AdventOfCode2023.Tests.Unit.csproj", "{DC60D17B-255C-42F7-A1E8-E5D301D56EF7}"
EndProject
Project("{F2A71F9B-5D33-465A-A702-920D77279786}") = "AdventOfCode2023.FSharp", "src\2023\AdventOfCode2023.FSharp\AdventOfCode2023.FSharp.fsproj", "{6D0322C1-0523-4F9D-8905-2B4C1052C8CD}"
EndProject
Project("{FAE04EC0-301F-11D3-BF4B-00C04F79EFBC}") = "AdventOfCode2023.Tests.Unit", "tests\2023\AdventOfCode2023.Tests.Unit\AdventOfCode2023.Tests.Unit.csproj", "{C7391906-77A6-4CFA-9E5B-86C605DB7949}"
EndProject
Global
	GlobalSection(SolutionConfigurationPlatforms) = preSolution
		Debug|Any CPU = Debug|Any CPU
		Release|Any CPU = Release|Any CPU
	EndGlobalSection
	GlobalSection(ProjectConfigurationPlatforms) = postSolution
		{EF9B4393-4339-4E16-8A75-7CF8A3E27EF7}.Debug|Any CPU.ActiveCfg = Debug|Any CPU
		{EF9B4393-4339-4E16-8A75-7CF8A3E27EF7}.Debug|Any CPU.Build.0 = Debug|Any CPU
		{EF9B4393-4339-4E16-8A75-7CF8A3E27EF7}.Release|Any CPU.ActiveCfg = Release|Any CPU
		{EF9B4393-4339-4E16-8A75-7CF8A3E27EF7}.Release|Any CPU.Build.0 = Release|Any CPU
		{F4FB71F9-678B-4CE4-A254-F341EA2ADCC5}.Debug|Any CPU.ActiveCfg = Debug|Any CPU
		{F4FB71F9-678B-4CE4-A254-F341EA2ADCC5}.Debug|Any CPU.Build.0 = Debug|Any CPU
		{F4FB71F9-678B-4CE4-A254-F341EA2ADCC5}.Release|Any CPU.ActiveCfg = Release|Any CPU
		{F4FB71F9-678B-4CE4-A254-F341EA2ADCC5}.Release|Any CPU.Build.0 = Release|Any CPU
		{74CFE68E-1CA1-4C75-841B-B11E1BBDA7A3}.Debug|Any CPU.ActiveCfg = Debug|Any CPU
		{74CFE68E-1CA1-4C75-841B-B11E1BBDA7A3}.Debug|Any CPU.Build.0 = Debug|Any CPU
		{74CFE68E-1CA1-4C75-841B-B11E1BBDA7A3}.Release|Any CPU.ActiveCfg = Release|Any CPU
		{74CFE68E-1CA1-4C75-841B-B11E1BBDA7A3}.Release|Any CPU.Build.0 = Release|Any CPU
		{E0246558-BAB7-4154-8E13-6A35F26B86E8}.Debug|Any CPU.ActiveCfg = Debug|Any CPU
		{E0246558-BAB7-4154-8E13-6A35F26B86E8}.Debug|Any CPU.Build.0 = Debug|Any CPU
		{E0246558-BAB7-4154-8E13-6A35F26B86E8}.Release|Any CPU.ActiveCfg = Release|Any CPU
		{E0246558-BAB7-4154-8E13-6A35F26B86E8}.Release|Any CPU.Build.0 = Release|Any CPU
		{A0A8D283-1498-4B54-B0FB-D0C0E1C41819}.Debug|Any CPU.ActiveCfg = Debug|Any CPU
		{A0A8D283-1498-4B54-B0FB-D0C0E1C41819}.Debug|Any CPU.Build.0 = Debug|Any CPU
		{A0A8D283-1498-4B54-B0FB-D0C0E1C41819}.Release|Any CPU.ActiveCfg = Release|Any CPU
		{A0A8D283-1498-4B54-B0FB-D0C0E1C41819}.Release|Any CPU.Build.0 = Release|Any CPU
		{39BDB7C5-BF3E-4C54-9B55-21545017A25D}.Debug|Any CPU.ActiveCfg = Debug|Any CPU
		{39BDB7C5-BF3E-4C54-9B55-21545017A25D}.Debug|Any CPU.Build.0 = Debug|Any CPU
		{39BDB7C5-BF3E-4C54-9B55-21545017A25D}.Release|Any CPU.ActiveCfg = Release|Any CPU
		{39BDB7C5-BF3E-4C54-9B55-21545017A25D}.Release|Any CPU.Build.0 = Release|Any CPU
		{A75C4E57-9F57-4BC1-967C-E7DAE7CEB7CA}.Debug|Any CPU.ActiveCfg = Debug|Any CPU
		{A75C4E57-9F57-4BC1-967C-E7DAE7CEB7CA}.Debug|Any CPU.Build.0 = Debug|Any CPU
		{A75C4E57-9F57-4BC1-967C-E7DAE7CEB7CA}.Release|Any CPU.ActiveCfg = Release|Any CPU
		{A75C4E57-9F57-4BC1-967C-E7DAE7CEB7CA}.Release|Any CPU.Build.0 = Release|Any CPU
		{8B79BD88-1342-4805-8425-2AAA8C065ECC}.Debug|Any CPU.ActiveCfg = Debug|Any CPU
		{8B79BD88-1342-4805-8425-2AAA8C065ECC}.Debug|Any CPU.Build.0 = Debug|Any CPU
		{8B79BD88-1342-4805-8425-2AAA8C065ECC}.Release|Any CPU.ActiveCfg = Release|Any CPU
		{8B79BD88-1342-4805-8425-2AAA8C065ECC}.Release|Any CPU.Build.0 = Release|Any CPU
		{2759FB1B-8F36-4BCD-9FC5-2585166C6C37}.Debug|Any CPU.ActiveCfg = Debug|Any CPU
		{2759FB1B-8F36-4BCD-9FC5-2585166C6C37}.Debug|Any CPU.Build.0 = Debug|Any CPU
		{2759FB1B-8F36-4BCD-9FC5-2585166C6C37}.Release|Any CPU.ActiveCfg = Release|Any CPU
		{2759FB1B-8F36-4BCD-9FC5-2585166C6C37}.Release|Any CPU.Build.0 = Release|Any CPU
		{28B52777-43FC-4881-B855-D40B55EF0642}.Debug|Any CPU.ActiveCfg = Debug|Any CPU
		{28B52777-43FC-4881-B855-D40B55EF0642}.Debug|Any CPU.Build.0 = Debug|Any CPU
		{28B52777-43FC-4881-B855-D40B55EF0642}.Release|Any CPU.ActiveCfg = Release|Any CPU
		{28B52777-43FC-4881-B855-D40B55EF0642}.Release|Any CPU.Build.0 = Release|Any CPU
		{4CE51C7F-4EA8-406A-817A-0FA23A7B292A}.Debug|Any CPU.ActiveCfg = Debug|Any CPU
		{4CE51C7F-4EA8-406A-817A-0FA23A7B292A}.Debug|Any CPU.Build.0 = Debug|Any CPU
		{4CE51C7F-4EA8-406A-817A-0FA23A7B292A}.Release|Any CPU.ActiveCfg = Release|Any CPU
		{4CE51C7F-4EA8-406A-817A-0FA23A7B292A}.Release|Any CPU.Build.0 = Release|Any CPU
		{9E7FDB8A-9AAB-453A-A25D-A95626FB77D9}.Debug|Any CPU.ActiveCfg = Debug|Any CPU
		{9E7FDB8A-9AAB-453A-A25D-A95626FB77D9}.Debug|Any CPU.Build.0 = Debug|Any CPU
		{9E7FDB8A-9AAB-453A-A25D-A95626FB77D9}.Release|Any CPU.ActiveCfg = Release|Any CPU
		{9E7FDB8A-9AAB-453A-A25D-A95626FB77D9}.Release|Any CPU.Build.0 = Release|Any CPU
		{A4D49084-94F2-4849-86B1-C7A430716EC6}.Debug|Any CPU.ActiveCfg = Debug|Any CPU
		{A4D49084-94F2-4849-86B1-C7A430716EC6}.Debug|Any CPU.Build.0 = Debug|Any CPU
		{A4D49084-94F2-4849-86B1-C7A430716EC6}.Release|Any CPU.ActiveCfg = Release|Any CPU
		{A4D49084-94F2-4849-86B1-C7A430716EC6}.Release|Any CPU.Build.0 = Release|Any CPU
		{D4D5DACD-7F85-44A1-96BB-86F7071AA4FE}.Debug|Any CPU.ActiveCfg = Debug|Any CPU
		{D4D5DACD-7F85-44A1-96BB-86F7071AA4FE}.Debug|Any CPU.Build.0 = Debug|Any CPU
		{D4D5DACD-7F85-44A1-96BB-86F7071AA4FE}.Release|Any CPU.ActiveCfg = Release|Any CPU
		{D4D5DACD-7F85-44A1-96BB-86F7071AA4FE}.Release|Any CPU.Build.0 = Release|Any CPU
		{F7DDF70D-66E7-4450-BAC1-A63E79FD0F54}.Debug|Any CPU.ActiveCfg = Debug|Any CPU
		{F7DDF70D-66E7-4450-BAC1-A63E79FD0F54}.Debug|Any CPU.Build.0 = Debug|Any CPU
		{F7DDF70D-66E7-4450-BAC1-A63E79FD0F54}.Release|Any CPU.ActiveCfg = Release|Any CPU
		{F7DDF70D-66E7-4450-BAC1-A63E79FD0F54}.Release|Any CPU.Build.0 = Release|Any CPU
		{DC60D17B-255C-42F7-A1E8-E5D301D56EF7}.Debug|Any CPU.ActiveCfg = Debug|Any CPU
		{DC60D17B-255C-42F7-A1E8-E5D301D56EF7}.Debug|Any CPU.Build.0 = Debug|Any CPU
		{DC60D17B-255C-42F7-A1E8-E5D301D56EF7}.Release|Any CPU.ActiveCfg = Release|Any CPU
		{DC60D17B-255C-42F7-A1E8-E5D301D56EF7}.Release|Any CPU.Build.0 = Release|Any CPU
		{6D0322C1-0523-4F9D-8905-2B4C1052C8CD}.Debug|Any CPU.ActiveCfg = Debug|Any CPU
		{6D0322C1-0523-4F9D-8905-2B4C1052C8CD}.Debug|Any CPU.Build.0 = Debug|Any CPU
		{6D0322C1-0523-4F9D-8905-2B4C1052C8CD}.Release|Any CPU.ActiveCfg = Release|Any CPU
		{6D0322C1-0523-4F9D-8905-2B4C1052C8CD}.Release|Any CPU.Build.0 = Release|Any CPU
		{C7391906-77A6-4CFA-9E5B-86C605DB7949}.Debug|Any CPU.ActiveCfg = Debug|Any CPU
		{C7391906-77A6-4CFA-9E5B-86C605DB7949}.Debug|Any CPU.Build.0 = Debug|Any CPU
		{C7391906-77A6-4CFA-9E5B-86C605DB7949}.Release|Any CPU.ActiveCfg = Release|Any CPU
		{C7391906-77A6-4CFA-9E5B-86C605DB7949}.Release|Any CPU.Build.0 = Release|Any CPU
	EndGlobalSection
	GlobalSection(SolutionProperties) = preSolution
		HideSolutionNode = FALSE
	EndGlobalSection
	GlobalSection(NestedProjects) = preSolution
		{D990BB12-ED36-48CF-8C25-5BE5787F6E75} = {3DEE8AA8-E581-4513-BB67-13136A18D08F}
		{5E6892D3-478B-4A02-B026-E2D3F59410CF} = {74DD45F6-4B4C-4EA1-920C-93A715C69773}
		{74CFE68E-1CA1-4C75-841B-B11E1BBDA7A3} = {D990BB12-ED36-48CF-8C25-5BE5787F6E75}
		{79571A7E-73FE-41C8-A48F-CF0C480550E7} = {3DEE8AA8-E581-4513-BB67-13136A18D08F}
		{A8D2572F-66D5-4236-9867-43CE8661C552} = {3DEE8AA8-E581-4513-BB67-13136A18D08F}
		{2137B754-0FDD-4F82-88CA-DB33E57BAC9B} = {74DD45F6-4B4C-4EA1-920C-93A715C69773}
		{88FC3432-EE08-4684-AA59-703DA1428F22} = {74DD45F6-4B4C-4EA1-920C-93A715C69773}
		{E0246558-BAB7-4154-8E13-6A35F26B86E8} = {A8D2572F-66D5-4236-9867-43CE8661C552}
		{A0A8D283-1498-4B54-B0FB-D0C0E1C41819} = {79571A7E-73FE-41C8-A48F-CF0C480550E7}
		{39BDB7C5-BF3E-4C54-9B55-21545017A25D} = {2137B754-0FDD-4F82-88CA-DB33E57BAC9B}
		{A75C4E57-9F57-4BC1-967C-E7DAE7CEB7CA} = {88FC3432-EE08-4684-AA59-703DA1428F22}
		{8B79BD88-1342-4805-8425-2AAA8C065ECC} = {5E6892D3-478B-4A02-B026-E2D3F59410CF}
		{3A20C4CA-2C15-459A-88A3-7E3F5CFA212B} = {3DEE8AA8-E581-4513-BB67-13136A18D08F}
		{2759FB1B-8F36-4BCD-9FC5-2585166C6C37} = {3A20C4CA-2C15-459A-88A3-7E3F5CFA212B}
		{4A851D7A-E27A-4080-B86A-B21642ECDFC8} = {74DD45F6-4B4C-4EA1-920C-93A715C69773}
		{28B52777-43FC-4881-B855-D40B55EF0642} = {4A851D7A-E27A-4080-B86A-B21642ECDFC8}
		{4D241D2B-13E3-44FE-9B15-B351C3FA64ED} = {3DEE8AA8-E581-4513-BB67-13136A18D08F}
		{1388B0C9-CF24-4EFF-83C6-DD5976B824E8} = {74DD45F6-4B4C-4EA1-920C-93A715C69773}
		{4CE51C7F-4EA8-406A-817A-0FA23A7B292A} = {4D241D2B-13E3-44FE-9B15-B351C3FA64ED}
		{9E7FDB8A-9AAB-453A-A25D-A95626FB77D9} = {1388B0C9-CF24-4EFF-83C6-DD5976B824E8}
		{F2C6ABE0-9159-41C4-9BDF-01809B8003A2} = {3DEE8AA8-E581-4513-BB67-13136A18D08F}
		{A4D49084-94F2-4849-86B1-C7A430716EC6} = {F2C6ABE0-9159-41C4-9BDF-01809B8003A2}
		{1EE37F47-1F3B-474D-8E34-B9DF0173006F} = {74DD45F6-4B4C-4EA1-920C-93A715C69773}
		{D4D5DACD-7F85-44A1-96BB-86F7071AA4FE} = {1EE37F47-1F3B-474D-8E34-B9DF0173006F}
		{C7E364B3-3BB0-4A9C-82EF-746A14094A5E} = {3DEE8AA8-E581-4513-BB67-13136A18D08F}
		{F7DDF70D-66E7-4450-BAC1-A63E79FD0F54} = {C7E364B3-3BB0-4A9C-82EF-746A14094A5E}
		{1AFE3BA6-C192-4991-9C6F-A9A13EC734C7} = {74DD45F6-4B4C-4EA1-920C-93A715C69773}
		{6D0322C1-0523-4F9D-8905-2B4C1052C8CD} = {C7E364B3-3BB0-4A9C-82EF-746A14094A5E}
		{DC60D17B-255C-42F7-A1E8-E5D301D56EF7} = {F2C6ABE0-9159-41C4-9BDF-01809B8003A2}
		{C7391906-77A6-4CFA-9E5B-86C605DB7949} = {1AFE3BA6-C192-4991-9C6F-A9A13EC734C7}
	EndGlobalSection
	GlobalSection(ExtensibilityGlobals) = postSolution
		SolutionGuid = {662EBAE1-BFBB-4961-A415-16514843317D}
	EndGlobalSection
EndGlobal
