
Microsoft Visual Studio Solution File, Format Version 12.00
# Visual Studio Version 17
VisualStudioVersion = 17.3.32825.248
MinimumVisualStudioVersion = 10.0.40219.1
Project("{2150E333-8FDC-42A3-9474-1A3956D46DE8}") = "2020", "2020", "{D990BB12-ED36-48CF-8C25-5BE5787F6E75}"
	ProjectSection(SolutionItems) = preProject
		2020\README.md = 2020\README.md
	EndProjectSection
EndProject
Project("{2150E333-8FDC-42A3-9474-1A3956D46DE8}") = "2021", "2021", "{79571A7E-73FE-41C8-A48F-CF0C480550E7}"
	ProjectSection(SolutionItems) = preProject
		src\2021\README.md = src\2021\README.md
	EndProjectSection
EndProject
Project("{2150E333-8FDC-42A3-9474-1A3956D46DE8}") = "2022", "2022", "{A8D2572F-66D5-4236-9867-43CE8661C552}"
	ProjectSection(SolutionItems) = preProject
		src\2022\README.md = src\2022\README.md
	EndProjectSection
EndProject
Project("{FAE04EC0-301F-11D3-BF4B-00C04F79EFBC}") = "AdventOfCode2022", "src\2022\AdventOfCode2022\AdventOfCode2022.csproj", "{E0246558-BAB7-4154-8E13-6A35F26B86E8}"
EndProject
Project("{FAE04EC0-301F-11D3-BF4B-00C04F79EFBC}") = "AdventOfCode2021", "src\2021\AdventOfCode2021\AdventOfCode2021.csproj", "{A0A8D283-1498-4B54-B0FB-D0C0E1C41819}"
EndProject
Project("{FAE04EC0-301F-11D3-BF4B-00C04F79EFBC}") = "AdventOfCode2021.Tests.Unit", "tests\2021\AdventOfCode2021.Tests.Unit\AdventOfCode2021.Tests.Unit.csproj", "{39BDB7C5-BF3E-4C54-9B55-21545017A25D}"
EndProject
Project("{FAE04EC0-301F-11D3-BF4B-00C04F79EFBC}") = "AdventOfCode2022.Tests.Unit", "tests\2022\AdventOfCode2022.Tests.Unit\AdventOfCode2022.Tests.Unit.csproj", "{A75C4E57-9F57-4BC1-967C-E7DAE7CEB7CA}"
EndProject
Project("{2150E333-8FDC-42A3-9474-1A3956D46DE8}") = "2019", "2019", "{3A20C4CA-2C15-459A-88A3-7E3F5CFA212B}"
	ProjectSection(SolutionItems) = preProject
		2019\README.md = 2019\README.md
	EndProjectSection
EndProject
Project("{2150E333-8FDC-42A3-9474-1A3956D46DE8}") = "2015", "2015", "{4D241D2B-13E3-44FE-9B15-B351C3FA64ED}"
	ProjectSection(SolutionItems) = preProject
		2015\README.md = 2015\README.md
	EndProjectSection
EndProject
Project("{2150E333-8FDC-42A3-9474-1A3956D46DE8}") = "workflows", "workflows", "{7A798DE7-4CAB-478C-98BE-6C3B4F89E327}"
	ProjectSection(SolutionItems) = preProject
		.github\workflows\dotnet.yml = .github\workflows\dotnet.yml
	EndProjectSection
EndProject
Project("{2150E333-8FDC-42A3-9474-1A3956D46DE8}") = "2016", "2016", "{F2C6ABE0-9159-41C4-9BDF-01809B8003A2}"
	ProjectSection(SolutionItems) = preProject
		2016\README.md = 2016\README.md
	EndProjectSection
EndProject
Project("{2150E333-8FDC-42A3-9474-1A3956D46DE8}") = "2023", "2023", "{C7E364B3-3BB0-4A9C-82EF-746A14094A5E}"
	ProjectSection(SolutionItems) = preProject
		src\2023\README.md = src\2023\README.md
	EndProjectSection
EndProject
Project("{FAE04EC0-301F-11D3-BF4B-00C04F79EFBC}") = "AdventOfCode2023", "src\2023\AdventOfCode2023\AdventOfCode2023.csproj", "{F7DDF70D-66E7-4450-BAC1-A63E79FD0F54}"
EndProject
Project("{F2A71F9B-5D33-465A-A702-920D77279786}") = "AdventOfCode2023.FSharp", "src\2023\AdventOfCode2023.FSharp\AdventOfCode2023.FSharp.fsproj", "{6D0322C1-0523-4F9D-8905-2B4C1052C8CD}"
EndProject
Project("{FAE04EC0-301F-11D3-BF4B-00C04F79EFBC}") = "AdventOfCode2023.Tests.Unit", "tests\2023\AdventOfCode2023.Tests.Unit\AdventOfCode2023.Tests.Unit.csproj", "{C7391906-77A6-4CFA-9E5B-86C605DB7949}"
EndProject
Project("{FAE04EC0-301F-11D3-BF4B-00C04F79EFBC}") = "AdventOfCode.Cli", "AdventOfCode.Cli\AdventOfCode.Cli.csproj", "{A2F96099-5201-4ADD-9A08-3D1E704C77D2}"
EndProject
Project("{FAE04EC0-301F-11D3-BF4B-00C04F79EFBC}") = "AdventOfCode.Lib", "AdventOfCode.Lib\AdventOfCode.Lib.csproj", "{FA139C9E-9F9F-47E9-907E-E4465793C0EC}"
EndProject
Project("{FAE04EC0-301F-11D3-BF4B-00C04F79EFBC}") = "AdventOfCode2015", "2015\AdventOfCode2015\AdventOfCode2015.csproj", "{5367EC90-0802-4ACE-B449-D4CE7EF72FFC}"
EndProject
Project("{FAE04EC0-301F-11D3-BF4B-00C04F79EFBC}") = "AdventOfCode2015.Tests.Unit", "2015\AdventOfCode2015.Tests.Unit\AdventOfCode2015.Tests.Unit.csproj", "{7067BE00-F785-4DA0-ACF3-8D4E7885D1DE}"
EndProject
Project("{FAE04EC0-301F-11D3-BF4B-00C04F79EFBC}") = "AdventOfCode2016", "2016\AdventOfCode2016\AdventOfCode2016.csproj", "{15AC1527-750B-4FF7-9D81-A07147663F4D}"
EndProject
Project("{FAE04EC0-301F-11D3-BF4B-00C04F79EFBC}") = "AdventOfCode2016.Tests.Unit", "2016\AdventOfCode2016.Tests.Unit\AdventOfCode2016.Tests.Unit.csproj", "{5CE570A9-B6C6-4892-B141-E576DE05BD40}"
EndProject
Project("{FAE04EC0-301F-11D3-BF4B-00C04F79EFBC}") = "AdventOfCode2019", "2019\AdventOfCode2019\AdventOfCode2019.csproj", "{D99B8759-D717-4F67-800C-92395830BB93}"
EndProject
Project("{FAE04EC0-301F-11D3-BF4B-00C04F79EFBC}") = "AdventOfCode2019.Tests.Unit", "2019\AdventOfCode2019.Tests.Unit\AdventOfCode2019.Tests.Unit.csproj", "{0FE747CF-3F46-45B0-ACAC-17F1D70EE6DE}"
EndProject
Project("{FAE04EC0-301F-11D3-BF4B-00C04F79EFBC}") = "AdventOfCode2020", "2020\AdventOfCode2020\AdventOfCode2020.csproj", "{DBA58028-2FCF-4F41-9BE0-0EE8F8A6787D}"
EndProject
Project("{FAE04EC0-301F-11D3-BF4B-00C04F79EFBC}") = "AdventOfCode2020.Tests.Unit", "2020\AdventOfCode2020.Tests.Unit\AdventOfCode2020.Tests.Unit.csproj", "{D9B5EA07-48F0-4F71-B9E5-5C7E7C87BF2C}"
EndProject
Global
	GlobalSection(SolutionConfigurationPlatforms) = preSolution
		Debug|Any CPU = Debug|Any CPU
		Release|Any CPU = Release|Any CPU
	EndGlobalSection
	GlobalSection(ProjectConfigurationPlatforms) = postSolution
		{E0246558-BAB7-4154-8E13-6A35F26B86E8}.Debug|Any CPU.ActiveCfg = Debug|Any CPU
		{E0246558-BAB7-4154-8E13-6A35F26B86E8}.Debug|Any CPU.Build.0 = Debug|Any CPU
		{E0246558-BAB7-4154-8E13-6A35F26B86E8}.Release|Any CPU.ActiveCfg = Release|Any CPU
		{E0246558-BAB7-4154-8E13-6A35F26B86E8}.Release|Any CPU.Build.0 = Release|Any CPU
		{A0A8D283-1498-4B54-B0FB-D0C0E1C41819}.Debug|Any CPU.ActiveCfg = Debug|Any CPU
		{A0A8D283-1498-4B54-B0FB-D0C0E1C41819}.Debug|Any CPU.Build.0 = Debug|Any CPU
		{A0A8D283-1498-4B54-B0FB-D0C0E1C41819}.Release|Any CPU.ActiveCfg = Release|Any CPU
		{A0A8D283-1498-4B54-B0FB-D0C0E1C41819}.Release|Any CPU.Build.0 = Release|Any CPU
		{39BDB7C5-BF3E-4C54-9B55-21545017A25D}.Debug|Any CPU.ActiveCfg = Debug|Any CPU
		{39BDB7C5-BF3E-4C54-9B55-21545017A25D}.Debug|Any CPU.Build.0 = Debug|Any CPU
		{39BDB7C5-BF3E-4C54-9B55-21545017A25D}.Release|Any CPU.ActiveCfg = Release|Any CPU
		{39BDB7C5-BF3E-4C54-9B55-21545017A25D}.Release|Any CPU.Build.0 = Release|Any CPU
		{A75C4E57-9F57-4BC1-967C-E7DAE7CEB7CA}.Debug|Any CPU.ActiveCfg = Debug|Any CPU
		{A75C4E57-9F57-4BC1-967C-E7DAE7CEB7CA}.Debug|Any CPU.Build.0 = Debug|Any CPU
		{A75C4E57-9F57-4BC1-967C-E7DAE7CEB7CA}.Release|Any CPU.ActiveCfg = Release|Any CPU
		{A75C4E57-9F57-4BC1-967C-E7DAE7CEB7CA}.Release|Any CPU.Build.0 = Release|Any CPU
		{F7DDF70D-66E7-4450-BAC1-A63E79FD0F54}.Debug|Any CPU.ActiveCfg = Debug|Any CPU
		{F7DDF70D-66E7-4450-BAC1-A63E79FD0F54}.Debug|Any CPU.Build.0 = Debug|Any CPU
		{F7DDF70D-66E7-4450-BAC1-A63E79FD0F54}.Release|Any CPU.ActiveCfg = Release|Any CPU
		{F7DDF70D-66E7-4450-BAC1-A63E79FD0F54}.Release|Any CPU.Build.0 = Release|Any CPU
		{6D0322C1-0523-4F9D-8905-2B4C1052C8CD}.Debug|Any CPU.ActiveCfg = Debug|Any CPU
		{6D0322C1-0523-4F9D-8905-2B4C1052C8CD}.Debug|Any CPU.Build.0 = Debug|Any CPU
		{6D0322C1-0523-4F9D-8905-2B4C1052C8CD}.Release|Any CPU.ActiveCfg = Release|Any CPU
		{6D0322C1-0523-4F9D-8905-2B4C1052C8CD}.Release|Any CPU.Build.0 = Release|Any CPU
		{C7391906-77A6-4CFA-9E5B-86C605DB7949}.Debug|Any CPU.ActiveCfg = Debug|Any CPU
		{C7391906-77A6-4CFA-9E5B-86C605DB7949}.Debug|Any CPU.Build.0 = Debug|Any CPU
		{C7391906-77A6-4CFA-9E5B-86C605DB7949}.Release|Any CPU.ActiveCfg = Release|Any CPU
		{C7391906-77A6-4CFA-9E5B-86C605DB7949}.Release|Any CPU.Build.0 = Release|Any CPU
		{A2F96099-5201-4ADD-9A08-3D1E704C77D2}.Debug|Any CPU.ActiveCfg = Debug|Any CPU
		{A2F96099-5201-4ADD-9A08-3D1E704C77D2}.Debug|Any CPU.Build.0 = Debug|Any CPU
		{A2F96099-5201-4ADD-9A08-3D1E704C77D2}.Release|Any CPU.ActiveCfg = Release|Any CPU
		{A2F96099-5201-4ADD-9A08-3D1E704C77D2}.Release|Any CPU.Build.0 = Release|Any CPU
		{FA139C9E-9F9F-47E9-907E-E4465793C0EC}.Debug|Any CPU.ActiveCfg = Debug|Any CPU
		{FA139C9E-9F9F-47E9-907E-E4465793C0EC}.Debug|Any CPU.Build.0 = Debug|Any CPU
		{FA139C9E-9F9F-47E9-907E-E4465793C0EC}.Release|Any CPU.ActiveCfg = Release|Any CPU
		{FA139C9E-9F9F-47E9-907E-E4465793C0EC}.Release|Any CPU.Build.0 = Release|Any CPU
		{5367EC90-0802-4ACE-B449-D4CE7EF72FFC}.Debug|Any CPU.ActiveCfg = Debug|Any CPU
		{5367EC90-0802-4ACE-B449-D4CE7EF72FFC}.Debug|Any CPU.Build.0 = Debug|Any CPU
		{5367EC90-0802-4ACE-B449-D4CE7EF72FFC}.Release|Any CPU.ActiveCfg = Release|Any CPU
		{5367EC90-0802-4ACE-B449-D4CE7EF72FFC}.Release|Any CPU.Build.0 = Release|Any CPU
		{7067BE00-F785-4DA0-ACF3-8D4E7885D1DE}.Debug|Any CPU.ActiveCfg = Debug|Any CPU
		{7067BE00-F785-4DA0-ACF3-8D4E7885D1DE}.Debug|Any CPU.Build.0 = Debug|Any CPU
		{7067BE00-F785-4DA0-ACF3-8D4E7885D1DE}.Release|Any CPU.ActiveCfg = Release|Any CPU
		{7067BE00-F785-4DA0-ACF3-8D4E7885D1DE}.Release|Any CPU.Build.0 = Release|Any CPU
		{15AC1527-750B-4FF7-9D81-A07147663F4D}.Debug|Any CPU.ActiveCfg = Debug|Any CPU
		{15AC1527-750B-4FF7-9D81-A07147663F4D}.Debug|Any CPU.Build.0 = Debug|Any CPU
		{15AC1527-750B-4FF7-9D81-A07147663F4D}.Release|Any CPU.ActiveCfg = Release|Any CPU
		{15AC1527-750B-4FF7-9D81-A07147663F4D}.Release|Any CPU.Build.0 = Release|Any CPU
		{5CE570A9-B6C6-4892-B141-E576DE05BD40}.Debug|Any CPU.ActiveCfg = Debug|Any CPU
		{5CE570A9-B6C6-4892-B141-E576DE05BD40}.Debug|Any CPU.Build.0 = Debug|Any CPU
		{5CE570A9-B6C6-4892-B141-E576DE05BD40}.Release|Any CPU.ActiveCfg = Release|Any CPU
		{5CE570A9-B6C6-4892-B141-E576DE05BD40}.Release|Any CPU.Build.0 = Release|Any CPU
		{D99B8759-D717-4F67-800C-92395830BB93}.Debug|Any CPU.ActiveCfg = Debug|Any CPU
		{D99B8759-D717-4F67-800C-92395830BB93}.Debug|Any CPU.Build.0 = Debug|Any CPU
		{D99B8759-D717-4F67-800C-92395830BB93}.Release|Any CPU.ActiveCfg = Release|Any CPU
		{D99B8759-D717-4F67-800C-92395830BB93}.Release|Any CPU.Build.0 = Release|Any CPU
		{0FE747CF-3F46-45B0-ACAC-17F1D70EE6DE}.Debug|Any CPU.ActiveCfg = Debug|Any CPU
		{0FE747CF-3F46-45B0-ACAC-17F1D70EE6DE}.Debug|Any CPU.Build.0 = Debug|Any CPU
		{0FE747CF-3F46-45B0-ACAC-17F1D70EE6DE}.Release|Any CPU.ActiveCfg = Release|Any CPU
		{0FE747CF-3F46-45B0-ACAC-17F1D70EE6DE}.Release|Any CPU.Build.0 = Release|Any CPU
		{DBA58028-2FCF-4F41-9BE0-0EE8F8A6787D}.Debug|Any CPU.ActiveCfg = Debug|Any CPU
		{DBA58028-2FCF-4F41-9BE0-0EE8F8A6787D}.Debug|Any CPU.Build.0 = Debug|Any CPU
		{DBA58028-2FCF-4F41-9BE0-0EE8F8A6787D}.Release|Any CPU.ActiveCfg = Release|Any CPU
		{DBA58028-2FCF-4F41-9BE0-0EE8F8A6787D}.Release|Any CPU.Build.0 = Release|Any CPU
		{D9B5EA07-48F0-4F71-B9E5-5C7E7C87BF2C}.Debug|Any CPU.ActiveCfg = Debug|Any CPU
		{D9B5EA07-48F0-4F71-B9E5-5C7E7C87BF2C}.Debug|Any CPU.Build.0 = Debug|Any CPU
		{D9B5EA07-48F0-4F71-B9E5-5C7E7C87BF2C}.Release|Any CPU.ActiveCfg = Release|Any CPU
		{D9B5EA07-48F0-4F71-B9E5-5C7E7C87BF2C}.Release|Any CPU.Build.0 = Release|Any CPU
	EndGlobalSection
	GlobalSection(SolutionProperties) = preSolution
		HideSolutionNode = FALSE
	EndGlobalSection
	GlobalSection(NestedProjects) = preSolution
		{E0246558-BAB7-4154-8E13-6A35F26B86E8} = {A8D2572F-66D5-4236-9867-43CE8661C552}
		{A0A8D283-1498-4B54-B0FB-D0C0E1C41819} = {79571A7E-73FE-41C8-A48F-CF0C480550E7}
		{F7DDF70D-66E7-4450-BAC1-A63E79FD0F54} = {C7E364B3-3BB0-4A9C-82EF-746A14094A5E}
		{6D0322C1-0523-4F9D-8905-2B4C1052C8CD} = {C7E364B3-3BB0-4A9C-82EF-746A14094A5E}
		{39BDB7C5-BF3E-4C54-9B55-21545017A25D} = {79571A7E-73FE-41C8-A48F-CF0C480550E7}
		{A75C4E57-9F57-4BC1-967C-E7DAE7CEB7CA} = {A8D2572F-66D5-4236-9867-43CE8661C552}
		{C7391906-77A6-4CFA-9E5B-86C605DB7949} = {C7E364B3-3BB0-4A9C-82EF-746A14094A5E}
		{5367EC90-0802-4ACE-B449-D4CE7EF72FFC} = {4D241D2B-13E3-44FE-9B15-B351C3FA64ED}
		{7067BE00-F785-4DA0-ACF3-8D4E7885D1DE} = {4D241D2B-13E3-44FE-9B15-B351C3FA64ED}
		{15AC1527-750B-4FF7-9D81-A07147663F4D} = {F2C6ABE0-9159-41C4-9BDF-01809B8003A2}
		{5CE570A9-B6C6-4892-B141-E576DE05BD40} = {F2C6ABE0-9159-41C4-9BDF-01809B8003A2}
		{D99B8759-D717-4F67-800C-92395830BB93} = {3A20C4CA-2C15-459A-88A3-7E3F5CFA212B}
		{0FE747CF-3F46-45B0-ACAC-17F1D70EE6DE} = {3A20C4CA-2C15-459A-88A3-7E3F5CFA212B}
		{DBA58028-2FCF-4F41-9BE0-0EE8F8A6787D} = {D990BB12-ED36-48CF-8C25-5BE5787F6E75}
		{D9B5EA07-48F0-4F71-B9E5-5C7E7C87BF2C} = {D990BB12-ED36-48CF-8C25-5BE5787F6E75}
	EndGlobalSection
	GlobalSection(ExtensibilityGlobals) = postSolution
		SolutionGuid = {662EBAE1-BFBB-4961-A415-16514843317D}
	EndGlobalSection
EndGlobal
