
Microsoft Visual Studio Solution File, Format Version 12.00
# Visual Studio Version 17
VisualStudioVersion = 17.3.32825.248
MinimumVisualStudioVersion = 10.0.40219.1
Project("{2150E333-8FDC-42A3-9474-1A3956D46DE8}") = "2020", "2020", "{D990BB12-ED36-48CF-8C25-5BE5787F6E75}"
	ProjectSection(SolutionItems) = preProject
		2020\README.md = 2020\README.md
	EndProjectSection
EndProject
Project("{2150E333-8FDC-42A3-9474-1A3956D46DE8}") = "2021", "2021", "{79571A7E-73FE-41C8-A48F-CF0C480550E7}"
	ProjectSection(SolutionItems) = preProject
		2021\README.md = 2021\README.md
	EndProjectSection
EndProject
Project("{2150E333-8FDC-42A3-9474-1A3956D46DE8}") = "2022", "2022", "{A8D2572F-66D5-4236-9867-43CE8661C552}"
	ProjectSection(SolutionItems) = preProject
		2022\README.md = 2022\README.md
	EndProjectSection
EndProject
Project("{2150E333-8FDC-42A3-9474-1A3956D46DE8}") = "2019", "2019", "{3A20C4CA-2C15-459A-88A3-7E3F5CFA212B}"
	ProjectSection(SolutionItems) = preProject
		2019\README.md = 2019\README.md
	EndProjectSection
EndProject
Project("{2150E333-8FDC-42A3-9474-1A3956D46DE8}") = "2015", "2015", "{4D241D2B-13E3-44FE-9B15-B351C3FA64ED}"
	ProjectSection(SolutionItems) = preProject
		2015\README.md = 2015\README.md
	EndProjectSection
EndProject
Project("{2150E333-8FDC-42A3-9474-1A3956D46DE8}") = "2016", "2016", "{F2C6ABE0-9159-41C4-9BDF-01809B8003A2}"
	ProjectSection(SolutionItems) = preProject
		2016\README.md = 2016\README.md
	EndProjectSection
EndProject
Project("{2150E333-8FDC-42A3-9474-1A3956D46DE8}") = "2023", "2023", "{C7E364B3-3BB0-4A9C-82EF-746A14094A5E}"
	ProjectSection(SolutionItems) = preProject
		2023\README.md = 2023\README.md
	EndProjectSection
EndProject
Project("{FAE04EC0-301F-11D3-BF4B-00C04F79EFBC}") = "AdventOfCode.Cli", "AdventOfCode.Cli\AdventOfCode.Cli.csproj", "{A2F96099-5201-4ADD-9A08-3D1E704C77D2}"
EndProject
Project("{FAE04EC0-301F-11D3-BF4B-00C04F79EFBC}") = "AdventOfCode.Lib", "AdventOfCode.Lib\AdventOfCode.Lib.csproj", "{FA139C9E-9F9F-47E9-907E-E4465793C0EC}"
EndProject
Project("{FAE04EC0-301F-11D3-BF4B-00C04F79EFBC}") = "AdventOfCode.Y2015", "2015\AdventOfCode.Y2015\AdventOfCode.Y2015.csproj", "{5367EC90-0802-4ACE-B449-D4CE7EF72FFC}"
EndProject
Project("{FAE04EC0-301F-11D3-BF4B-00C04F79EFBC}") = "AdventOfCode.Y2015.Tests.Unit", "2015\AdventOfCode.Y2015.Tests.Unit\AdventOfCode.Y2015.Tests.Unit.csproj", "{7067BE00-F785-4DA0-ACF3-8D4E7885D1DE}"
EndProject
Project("{FAE04EC0-301F-11D3-BF4B-00C04F79EFBC}") = "AdventOfCode.Y2016", "2016\AdventOfCode.Y2016\AdventOfCode.Y2016.csproj", "{15AC1527-750B-4FF7-9D81-A07147663F4D}"
EndProject
Project("{FAE04EC0-301F-11D3-BF4B-00C04F79EFBC}") = "AdventOfCode.Y2016.Tests.Unit", "2016\AdventOfCode.Y2016.Tests.Unit\AdventOfCode.Y2016.Tests.Unit.csproj", "{5CE570A9-B6C6-4892-B141-E576DE05BD40}"
EndProject
Project("{FAE04EC0-301F-11D3-BF4B-00C04F79EFBC}") = "AdventOfCode.Y2019", "2019\AdventOfCode.Y2019\AdventOfCode.Y2019.csproj", "{D99B8759-D717-4F67-800C-92395830BB93}"
EndProject
Project("{FAE04EC0-301F-11D3-BF4B-00C04F79EFBC}") = "AdventOfCode.Y2019.Tests.Unit", "2019\AdventOfCode.Y2019.Tests.Unit\AdventOfCode.Y2019.Tests.Unit.csproj", "{0FE747CF-3F46-45B0-ACAC-17F1D70EE6DE}"
EndProject
Project("{FAE04EC0-301F-11D3-BF4B-00C04F79EFBC}") = "AdventOfCode.Y2020", "2020\AdventOfCode.Y2020\AdventOfCode.Y2020.csproj", "{DBA58028-2FCF-4F41-9BE0-0EE8F8A6787D}"
EndProject
Project("{FAE04EC0-301F-11D3-BF4B-00C04F79EFBC}") = "AdventOfCode.Y2020.Tests.Unit", "2020\AdventOfCode.Y2020.Tests.Unit\AdventOfCode.Y2020.Tests.Unit.csproj", "{D9B5EA07-48F0-4F71-B9E5-5C7E7C87BF2C}"
EndProject
Project("{FAE04EC0-301F-11D3-BF4B-00C04F79EFBC}") = "AdventOfCode.Y2021", "2021\AdventOfCode.Y2021\AdventOfCode.Y2021.csproj", "{35343404-9BDA-4E6C-9DF8-BC2E7DCA7BFE}"
EndProject
Project("{FAE04EC0-301F-11D3-BF4B-00C04F79EFBC}") = "AdventOfCode.Y2021.Tests.Unit", "2021\AdventOfCode.Y2021.Tests.Unit\AdventOfCode.Y2021.Tests.Unit.csproj", "{8A9D8039-EC52-4CB3-9943-C7CEF88C3CDA}"
EndProject
Project("{FAE04EC0-301F-11D3-BF4B-00C04F79EFBC}") = "AdventOfCode.Y2022", "2022\AdventOfCode.Y2022\AdventOfCode.Y2022.csproj", "{33476808-6D4D-42BC-9FFA-D8D67C0F778F}"
EndProject
Project("{FAE04EC0-301F-11D3-BF4B-00C04F79EFBC}") = "AdventOfCode.Y2022.Tests.Unit", "2022\AdventOfCode.Y2022.Tests.Unit\AdventOfCode.Y2022.Tests.Unit.csproj", "{C52DAA1E-5703-4F79-804F-91F830C09D20}"
EndProject
Project("{FAE04EC0-301F-11D3-BF4B-00C04F79EFBC}") = "AdventOfCode.Y2023", "2023\AdventOfCode.Y2023\AdventOfCode.Y2023.csproj", "{D3BECBF1-EC62-4A38-A051-64E33B5428FD}"
EndProject
Project("{F2A71F9B-5D33-465A-A702-920D77279786}") = "AdventOfCode.Y2023.FSharp", "2023\AdventOfCode.Y2023.FSharp\AdventOfCode.Y2023.FSharp.fsproj", "{950062DF-2E4E-4190-9D34-41CF680A0328}"
EndProject
Project("{FAE04EC0-301F-11D3-BF4B-00C04F79EFBC}") = "AdventOfCode.Y2023.Tests.Unit", "2023\AdventOfCode.Y2023.Tests.Unit\AdventOfCode.Y2023.Tests.Unit.csproj", "{1F4BEE1D-9CAA-48AF-A7E5-36FE8B75C59F}"
EndProject
Global
	GlobalSection(SolutionConfigurationPlatforms) = preSolution
		Debug|Any CPU = Debug|Any CPU
		Release|Any CPU = Release|Any CPU
	EndGlobalSection
	GlobalSection(ProjectConfigurationPlatforms) = postSolution
		{A2F96099-5201-4ADD-9A08-3D1E704C77D2}.Debug|Any CPU.ActiveCfg = Debug|Any CPU
		{A2F96099-5201-4ADD-9A08-3D1E704C77D2}.Debug|Any CPU.Build.0 = Debug|Any CPU
		{A2F96099-5201-4ADD-9A08-3D1E704C77D2}.Release|Any CPU.ActiveCfg = Release|Any CPU
		{A2F96099-5201-4ADD-9A08-3D1E704C77D2}.Release|Any CPU.Build.0 = Release|Any CPU
		{FA139C9E-9F9F-47E9-907E-E4465793C0EC}.Debug|Any CPU.ActiveCfg = Debug|Any CPU
		{FA139C9E-9F9F-47E9-907E-E4465793C0EC}.Debug|Any CPU.Build.0 = Debug|Any CPU
		{FA139C9E-9F9F-47E9-907E-E4465793C0EC}.Release|Any CPU.ActiveCfg = Release|Any CPU
		{FA139C9E-9F9F-47E9-907E-E4465793C0EC}.Release|Any CPU.Build.0 = Release|Any CPU
		{5367EC90-0802-4ACE-B449-D4CE7EF72FFC}.Debug|Any CPU.ActiveCfg = Debug|Any CPU
		{5367EC90-0802-4ACE-B449-D4CE7EF72FFC}.Debug|Any CPU.Build.0 = Debug|Any CPU
		{5367EC90-0802-4ACE-B449-D4CE7EF72FFC}.Release|Any CPU.ActiveCfg = Release|Any CPU
		{5367EC90-0802-4ACE-B449-D4CE7EF72FFC}.Release|Any CPU.Build.0 = Release|Any CPU
		{7067BE00-F785-4DA0-ACF3-8D4E7885D1DE}.Debug|Any CPU.ActiveCfg = Debug|Any CPU
		{7067BE00-F785-4DA0-ACF3-8D4E7885D1DE}.Debug|Any CPU.Build.0 = Debug|Any CPU
		{7067BE00-F785-4DA0-ACF3-8D4E7885D1DE}.Release|Any CPU.ActiveCfg = Release|Any CPU
		{7067BE00-F785-4DA0-ACF3-8D4E7885D1DE}.Release|Any CPU.Build.0 = Release|Any CPU
		{15AC1527-750B-4FF7-9D81-A07147663F4D}.Debug|Any CPU.ActiveCfg = Debug|Any CPU
		{15AC1527-750B-4FF7-9D81-A07147663F4D}.Debug|Any CPU.Build.0 = Debug|Any CPU
		{15AC1527-750B-4FF7-9D81-A07147663F4D}.Release|Any CPU.ActiveCfg = Release|Any CPU
		{15AC1527-750B-4FF7-9D81-A07147663F4D}.Release|Any CPU.Build.0 = Release|Any CPU
		{5CE570A9-B6C6-4892-B141-E576DE05BD40}.Debug|Any CPU.ActiveCfg = Debug|Any CPU
		{5CE570A9-B6C6-4892-B141-E576DE05BD40}.Debug|Any CPU.Build.0 = Debug|Any CPU
		{5CE570A9-B6C6-4892-B141-E576DE05BD40}.Release|Any CPU.ActiveCfg = Release|Any CPU
		{5CE570A9-B6C6-4892-B141-E576DE05BD40}.Release|Any CPU.Build.0 = Release|Any CPU
		{D99B8759-D717-4F67-800C-92395830BB93}.Debug|Any CPU.ActiveCfg = Debug|Any CPU
		{D99B8759-D717-4F67-800C-92395830BB93}.Debug|Any CPU.Build.0 = Debug|Any CPU
		{D99B8759-D717-4F67-800C-92395830BB93}.Release|Any CPU.ActiveCfg = Release|Any CPU
		{D99B8759-D717-4F67-800C-92395830BB93}.Release|Any CPU.Build.0 = Release|Any CPU
		{0FE747CF-3F46-45B0-ACAC-17F1D70EE6DE}.Debug|Any CPU.ActiveCfg = Debug|Any CPU
		{0FE747CF-3F46-45B0-ACAC-17F1D70EE6DE}.Debug|Any CPU.Build.0 = Debug|Any CPU
		{0FE747CF-3F46-45B0-ACAC-17F1D70EE6DE}.Release|Any CPU.ActiveCfg = Release|Any CPU
		{0FE747CF-3F46-45B0-ACAC-17F1D70EE6DE}.Release|Any CPU.Build.0 = Release|Any CPU
		{DBA58028-2FCF-4F41-9BE0-0EE8F8A6787D}.Debug|Any CPU.ActiveCfg = Debug|Any CPU
		{DBA58028-2FCF-4F41-9BE0-0EE8F8A6787D}.Debug|Any CPU.Build.0 = Debug|Any CPU
		{DBA58028-2FCF-4F41-9BE0-0EE8F8A6787D}.Release|Any CPU.ActiveCfg = Release|Any CPU
		{DBA58028-2FCF-4F41-9BE0-0EE8F8A6787D}.Release|Any CPU.Build.0 = Release|Any CPU
		{D9B5EA07-48F0-4F71-B9E5-5C7E7C87BF2C}.Debug|Any CPU.ActiveCfg = Debug|Any CPU
		{D9B5EA07-48F0-4F71-B9E5-5C7E7C87BF2C}.Debug|Any CPU.Build.0 = Debug|Any CPU
		{D9B5EA07-48F0-4F71-B9E5-5C7E7C87BF2C}.Release|Any CPU.ActiveCfg = Release|Any CPU
		{D9B5EA07-48F0-4F71-B9E5-5C7E7C87BF2C}.Release|Any CPU.Build.0 = Release|Any CPU
		{35343404-9BDA-4E6C-9DF8-BC2E7DCA7BFE}.Debug|Any CPU.ActiveCfg = Debug|Any CPU
		{35343404-9BDA-4E6C-9DF8-BC2E7DCA7BFE}.Debug|Any CPU.Build.0 = Debug|Any CPU
		{35343404-9BDA-4E6C-9DF8-BC2E7DCA7BFE}.Release|Any CPU.ActiveCfg = Release|Any CPU
		{35343404-9BDA-4E6C-9DF8-BC2E7DCA7BFE}.Release|Any CPU.Build.0 = Release|Any CPU
		{8A9D8039-EC52-4CB3-9943-C7CEF88C3CDA}.Debug|Any CPU.ActiveCfg = Debug|Any CPU
		{8A9D8039-EC52-4CB3-9943-C7CEF88C3CDA}.Debug|Any CPU.Build.0 = Debug|Any CPU
		{8A9D8039-EC52-4CB3-9943-C7CEF88C3CDA}.Release|Any CPU.ActiveCfg = Release|Any CPU
		{8A9D8039-EC52-4CB3-9943-C7CEF88C3CDA}.Release|Any CPU.Build.0 = Release|Any CPU
		{33476808-6D4D-42BC-9FFA-D8D67C0F778F}.Debug|Any CPU.ActiveCfg = Debug|Any CPU
		{33476808-6D4D-42BC-9FFA-D8D67C0F778F}.Debug|Any CPU.Build.0 = Debug|Any CPU
		{33476808-6D4D-42BC-9FFA-D8D67C0F778F}.Release|Any CPU.ActiveCfg = Release|Any CPU
		{33476808-6D4D-42BC-9FFA-D8D67C0F778F}.Release|Any CPU.Build.0 = Release|Any CPU
		{C52DAA1E-5703-4F79-804F-91F830C09D20}.Debug|Any CPU.ActiveCfg = Debug|Any CPU
		{C52DAA1E-5703-4F79-804F-91F830C09D20}.Debug|Any CPU.Build.0 = Debug|Any CPU
		{C52DAA1E-5703-4F79-804F-91F830C09D20}.Release|Any CPU.ActiveCfg = Release|Any CPU
		{C52DAA1E-5703-4F79-804F-91F830C09D20}.Release|Any CPU.Build.0 = Release|Any CPU
		{D3BECBF1-EC62-4A38-A051-64E33B5428FD}.Debug|Any CPU.ActiveCfg = Debug|Any CPU
		{D3BECBF1-EC62-4A38-A051-64E33B5428FD}.Debug|Any CPU.Build.0 = Debug|Any CPU
		{D3BECBF1-EC62-4A38-A051-64E33B5428FD}.Release|Any CPU.ActiveCfg = Release|Any CPU
		{D3BECBF1-EC62-4A38-A051-64E33B5428FD}.Release|Any CPU.Build.0 = Release|Any CPU
		{950062DF-2E4E-4190-9D34-41CF680A0328}.Debug|Any CPU.ActiveCfg = Debug|Any CPU
		{950062DF-2E4E-4190-9D34-41CF680A0328}.Debug|Any CPU.Build.0 = Debug|Any CPU
		{950062DF-2E4E-4190-9D34-41CF680A0328}.Release|Any CPU.ActiveCfg = Release|Any CPU
		{950062DF-2E4E-4190-9D34-41CF680A0328}.Release|Any CPU.Build.0 = Release|Any CPU
		{1F4BEE1D-9CAA-48AF-A7E5-36FE8B75C59F}.Debug|Any CPU.ActiveCfg = Debug|Any CPU
		{1F4BEE1D-9CAA-48AF-A7E5-36FE8B75C59F}.Debug|Any CPU.Build.0 = Debug|Any CPU
		{1F4BEE1D-9CAA-48AF-A7E5-36FE8B75C59F}.Release|Any CPU.ActiveCfg = Release|Any CPU
		{1F4BEE1D-9CAA-48AF-A7E5-36FE8B75C59F}.Release|Any CPU.Build.0 = Release|Any CPU
	EndGlobalSection
	GlobalSection(SolutionProperties) = preSolution
		HideSolutionNode = FALSE
	EndGlobalSection
	GlobalSection(NestedProjects) = preSolution
		{5367EC90-0802-4ACE-B449-D4CE7EF72FFC} = {4D241D2B-13E3-44FE-9B15-B351C3FA64ED}
		{7067BE00-F785-4DA0-ACF3-8D4E7885D1DE} = {4D241D2B-13E3-44FE-9B15-B351C3FA64ED}
		{15AC1527-750B-4FF7-9D81-A07147663F4D} = {F2C6ABE0-9159-41C4-9BDF-01809B8003A2}
		{5CE570A9-B6C6-4892-B141-E576DE05BD40} = {F2C6ABE0-9159-41C4-9BDF-01809B8003A2}
		{D99B8759-D717-4F67-800C-92395830BB93} = {3A20C4CA-2C15-459A-88A3-7E3F5CFA212B}
		{0FE747CF-3F46-45B0-ACAC-17F1D70EE6DE} = {3A20C4CA-2C15-459A-88A3-7E3F5CFA212B}
		{DBA58028-2FCF-4F41-9BE0-0EE8F8A6787D} = {D990BB12-ED36-48CF-8C25-5BE5787F6E75}
		{D9B5EA07-48F0-4F71-B9E5-5C7E7C87BF2C} = {D990BB12-ED36-48CF-8C25-5BE5787F6E75}
		{35343404-9BDA-4E6C-9DF8-BC2E7DCA7BFE} = {79571A7E-73FE-41C8-A48F-CF0C480550E7}
		{8A9D8039-EC52-4CB3-9943-C7CEF88C3CDA} = {79571A7E-73FE-41C8-A48F-CF0C480550E7}
		{33476808-6D4D-42BC-9FFA-D8D67C0F778F} = {A8D2572F-66D5-4236-9867-43CE8661C552}
		{C52DAA1E-5703-4F79-804F-91F830C09D20} = {A8D2572F-66D5-4236-9867-43CE8661C552}
		{D3BECBF1-EC62-4A38-A051-64E33B5428FD} = {C7E364B3-3BB0-4A9C-82EF-746A14094A5E}
		{950062DF-2E4E-4190-9D34-41CF680A0328} = {C7E364B3-3BB0-4A9C-82EF-746A14094A5E}
		{1F4BEE1D-9CAA-48AF-A7E5-36FE8B75C59F} = {C7E364B3-3BB0-4A9C-82EF-746A14094A5E}
	EndGlobalSection
	GlobalSection(ExtensibilityGlobals) = postSolution
		SolutionGuid = {662EBAE1-BFBB-4961-A415-16514843317D}
	EndGlobalSection
EndGlobal
